
Microsoft Visual Studio Solution File, Format Version 12.00
# Visual Studio Version 17
VisualStudioVersion = 17.5.002.0
MinimumVisualStudioVersion = 10.0.40219.1
Project("{9A19103F-16F7-4668-BE54-9A1E7A4F7556}") = "ExemploExplorando", "ExemploExplorando.csproj", "{E98A72B7-EB08-4B69-940E-40BA5933C0B6}"
EndProject
Global
	GlobalSection(SolutionConfigurationPlatforms) = preSolution
		Debug|Any CPU = Debug|Any CPU
		Release|Any CPU = Release|Any CPU
	EndGlobalSection
	GlobalSection(ProjectConfigurationPlatforms) = postSolution
		{E98A72B7-EB08-4B69-940E-40BA5933C0B6}.Debug|Any CPU.ActiveCfg = Debug|Any CPU
		{E98A72B7-EB08-4B69-940E-40BA5933C0B6}.Debug|Any CPU.Build.0 = Debug|Any CPU
		{E98A72B7-EB08-4B69-940E-40BA5933C0B6}.Release|Any CPU.ActiveCfg = Release|Any CPU
		{E98A72B7-EB08-4B69-940E-40BA5933C0B6}.Release|Any CPU.Build.0 = Release|Any CPU
	EndGlobalSection
	GlobalSection(SolutionProperties) = preSolution
		HideSolutionNode = FALSE
	EndGlobalSection
	GlobalSection(ExtensibilityGlobals) = postSolution
		SolutionGuid = {0DF1D70E-768F-4885-8D96-55FAC6C2CFE8}
	EndGlobalSection
EndGlobal
